
Microsoft Visual Studio Solution File, Format Version 12.00
# Visual Studio Version 17
VisualStudioVersion = 17.8.34511.84
MinimumVisualStudioVersion = 10.0.40219.1
Project("{FAE04EC0-301F-11D3-BF4B-00C04F79EFBC}") = "FindingMaximumNumber", "FindingMaximumNumber.csproj", "{BA849658-E7FE-4243-97DA-3DF3288BEA1B}"
EndProject
Global
	GlobalSection(SolutionConfigurationPlatforms) = preSolution
		Debug|Any CPU = Debug|Any CPU
		Release|Any CPU = Release|Any CPU
	EndGlobalSection
	GlobalSection(ProjectConfigurationPlatforms) = postSolution
		{BA849658-E7FE-4243-97DA-3DF3288BEA1B}.Debug|Any CPU.ActiveCfg = Debug|Any CPU
		{BA849658-E7FE-4243-97DA-3DF3288BEA1B}.Debug|Any CPU.Build.0 = Debug|Any CPU
		{BA849658-E7FE-4243-97DA-3DF3288BEA1B}.Release|Any CPU.ActiveCfg = Release|Any CPU
		{BA849658-E7FE-4243-97DA-3DF3288BEA1B}.Release|Any CPU.Build.0 = Release|Any CPU
	EndGlobalSection
	GlobalSection(SolutionProperties) = preSolution
		HideSolutionNode = FALSE
	EndGlobalSection
	GlobalSection(ExtensibilityGlobals) = postSolution
		SolutionGuid = {A602D1C8-162B-41E5-9F84-097AA939EE3E}
	EndGlobalSection
EndGlobal
